// !$*UTF8*$!
{
	archiveVersion = 1;
	classes = {
	};
	objectVersion = 55;
	objects = {

/* Begin PBXBuildFile section */
		422C933829B670D400CA7A94 /* VictoryView.swift in Sources */ = {isa = PBXBuildFile; fileRef = 422C933729B670D400CA7A94 /* VictoryView.swift */; };
		4296F306299BE066000C226B /* quizAppApp.swift in Sources */ = {isa = PBXBuildFile; fileRef = 4296F305299BE066000C226B /* quizAppApp.swift */; };
		4296F308299BE066000C226B /* ContentView.swift in Sources */ = {isa = PBXBuildFile; fileRef = 4296F307299BE066000C226B /* ContentView.swift */; };
		4296F30A299BE067000C226B /* Assets.xcassets in Resources */ = {isa = PBXBuildFile; fileRef = 4296F309299BE067000C226B /* Assets.xcassets */; };
		4296F30D299BE067000C226B /* Preview Assets.xcassets in Resources */ = {isa = PBXBuildFile; fileRef = 4296F30C299BE067000C226B /* Preview Assets.xcassets */; };
		4296F314299BE0C3000C226B /* quiz_cities.json in Resources */ = {isa = PBXBuildFile; fileRef = 4296F313299BE0C3000C226B /* quiz_cities.json */; };
		4296F317299BE1DB000C226B /* ModelData.swift in Sources */ = {isa = PBXBuildFile; fileRef = 4296F316299BE1DB000C226B /* ModelData.swift */; };
		4296F31A299BE258000C226B /* QuizQuestion.swift in Sources */ = {isa = PBXBuildFile; fileRef = 4296F319299BE258000C226B /* QuizQuestion.swift */; };
		4296F31C299BE763000C226B /* GameView.swift in Sources */ = {isa = PBXBuildFile; fileRef = 4296F31B299BE763000C226B /* GameView.swift */; };
		4296F320299CEA2A000C226B /* QuizChoices.swift in Sources */ = {isa = PBXBuildFile; fileRef = 4296F31F299CEA2A000C226B /* QuizChoices.swift */; };
		42C8A7C629A8C9D900FD4984 /* RadioButton.swift in Sources */ = {isa = PBXBuildFile; fileRef = 42C8A7C529A8C9D900FD4984 /* RadioButton.swift */; };
/* End PBXBuildFile section */

/* Begin PBXFileReference section */
		422C933729B670D400CA7A94 /* VictoryView.swift */ = {isa = PBXFileReference; lastKnownFileType = sourcecode.swift; path = VictoryView.swift; sourceTree = "<group>"; };
		4296F302299BE066000C226B /* quizApp.app */ = {isa = PBXFileReference; explicitFileType = wrapper.application; includeInIndex = 0; path = quizApp.app; sourceTree = BUILT_PRODUCTS_DIR; };
		4296F305299BE066000C226B /* quizAppApp.swift */ = {isa = PBXFileReference; lastKnownFileType = sourcecode.swift; path = quizAppApp.swift; sourceTree = "<group>"; };
		4296F307299BE066000C226B /* ContentView.swift */ = {isa = PBXFileReference; lastKnownFileType = sourcecode.swift; path = ContentView.swift; sourceTree = "<group>"; };
		4296F309299BE067000C226B /* Assets.xcassets */ = {isa = PBXFileReference; lastKnownFileType = folder.assetcatalog; path = Assets.xcassets; sourceTree = "<group>"; };
		4296F30C299BE067000C226B /* Preview Assets.xcassets */ = {isa = PBXFileReference; lastKnownFileType = folder.assetcatalog; path = "Preview Assets.xcassets"; sourceTree = "<group>"; };
		4296F313299BE0C3000C226B /* quiz_cities.json */ = {isa = PBXFileReference; fileEncoding = 4; lastKnownFileType = text.json; path = quiz_cities.json; sourceTree = "<group>"; };
		4296F316299BE1DB000C226B /* ModelData.swift */ = {isa = PBXFileReference; lastKnownFileType = sourcecode.swift; path = ModelData.swift; sourceTree = "<group>"; };
		4296F319299BE258000C226B /* QuizQuestion.swift */ = {isa = PBXFileReference; lastKnownFileType = sourcecode.swift; path = QuizQuestion.swift; sourceTree = "<group>"; };
		4296F31B299BE763000C226B /* GameView.swift */ = {isa = PBXFileReference; lastKnownFileType = sourcecode.swift; path = GameView.swift; sourceTree = "<group>"; };
		4296F31F299CEA2A000C226B /* QuizChoices.swift */ = {isa = PBXFileReference; lastKnownFileType = sourcecode.swift; path = QuizChoices.swift; sourceTree = "<group>"; };
		42C8A7C529A8C9D900FD4984 /* RadioButton.swift */ = {isa = PBXFileReference; lastKnownFileType = sourcecode.swift; path = RadioButton.swift; sourceTree = "<group>"; };
/* End PBXFileReference section */

/* Begin PBXFrameworksBuildPhase section */
		4296F2FF299BE066000C226B /* Frameworks */ = {
			isa = PBXFrameworksBuildPhase;
			buildActionMask = 2147483647;
			files = (
			);
			runOnlyForDeploymentPostprocessing = 0;
		};
/* End PBXFrameworksBuildPhase section */

/* Begin PBXGroup section */
		4296F2F9299BE066000C226B = {
			isa = PBXGroup;
			children = (
				4296F304299BE066000C226B /* quizApp */,
				4296F303299BE066000C226B /* Products */,
			);
			sourceTree = "<group>";
		};
		4296F303299BE066000C226B /* Products */ = {
			isa = PBXGroup;
			children = (
				4296F302299BE066000C226B /* quizApp.app */,
			);
			name = Products;
			sourceTree = "<group>";
		};
		4296F304299BE066000C226B /* quizApp */ = {
			isa = PBXGroup;
			children = (
				4296F305299BE066000C226B /* quizAppApp.swift */,
				4296F307299BE066000C226B /* ContentView.swift */,
				4296F319299BE258000C226B /* QuizQuestion.swift */,
				422C933729B670D400CA7A94 /* VictoryView.swift */,
				4296F31B299BE763000C226B /* GameView.swift */,
				42C8A7C529A8C9D900FD4984 /* RadioButton.swift */,
				4296F31F299CEA2A000C226B /* QuizChoices.swift */,
				4296F315299BE0DA000C226B /* Helpers */,
				4296F309299BE067000C226B /* Assets.xcassets */,
				4296F318299BE201000C226B /* Resources */,
				4296F30B299BE067000C226B /* Preview Content */,
			);
			path = quizApp;
			sourceTree = "<group>";
		};
		4296F30B299BE067000C226B /* Preview Content */ = {
			isa = PBXGroup;
			children = (
				4296F30C299BE067000C226B /* Preview Assets.xcassets */,
			);
			path = "Preview Content";
			sourceTree = "<group>";
		};
		4296F315299BE0DA000C226B /* Helpers */ = {
			isa = PBXGroup;
			children = (
				4296F316299BE1DB000C226B /* ModelData.swift */,
			);
			path = Helpers;
			sourceTree = "<group>";
		};
		4296F318299BE201000C226B /* Resources */ = {
			isa = PBXGroup;
			children = (
				4296F313299BE0C3000C226B /* quiz_cities.json */,
			);
			path = Resources;
			sourceTree = "<group>";
		};
/* End PBXGroup section */

/* Begin PBXNativeTarget section */
		4296F301299BE066000C226B /* quizApp */ = {
			isa = PBXNativeTarget;
			buildConfigurationList = 4296F310299BE067000C226B /* Build configuration list for PBXNativeTarget "quizApp" */;
			buildPhases = (
				4296F2FE299BE066000C226B /* Sources */,
				4296F2FF299BE066000C226B /* Frameworks */,
				4296F300299BE066000C226B /* Resources */,
			);
			buildRules = (
			);
			dependencies = (
			);
			name = quizApp;
			productName = quizApp;
			productReference = 4296F302299BE066000C226B /* quizApp.app */;
			productType = "com.apple.product-type.application";
		};
/* End PBXNativeTarget section */

/* Begin PBXProject section */
		4296F2FA299BE066000C226B /* Project object */ = {
			isa = PBXProject;
			attributes = {
				BuildIndependentTargetsInParallel = 1;
				LastSwiftUpdateCheck = 1330;
				LastUpgradeCheck = 1330;
				TargetAttributes = {
					4296F301299BE066000C226B = {
						CreatedOnToolsVersion = 13.3.1;
					};
				};
			};
			buildConfigurationList = 4296F2FD299BE066000C226B /* Build configuration list for PBXProject "quizApp" */;
			compatibilityVersion = "Xcode 13.0";
			developmentRegion = en;
			hasScannedForEncodings = 0;
			knownRegions = (
				en,
				Base,
			);
			mainGroup = 4296F2F9299BE066000C226B;
			productRefGroup = 4296F303299BE066000C226B /* Products */;
			projectDirPath = "";
			projectRoot = "";
			targets = (
				4296F301299BE066000C226B /* quizApp */,
			);
		};
/* End PBXProject section */

/* Begin PBXResourcesBuildPhase section */
		4296F300299BE066000C226B /* Resources */ = {
			isa = PBXResourcesBuildPhase;
			buildActionMask = 2147483647;
			files = (
				4296F30D299BE067000C226B /* Preview Assets.xcassets in Resources */,
				4296F30A299BE067000C226B /* Assets.xcassets in Resources */,
				4296F314299BE0C3000C226B /* quiz_cities.json in Resources */,
			);
			runOnlyForDeploymentPostprocessing = 0;
		};
/* End PBXResourcesBuildPhase section */

/* Begin PBXSourcesBuildPhase section */
		4296F2FE299BE066000C226B /* Sources */ = {
			isa = PBXSourcesBuildPhase;
			buildActionMask = 2147483647;
			files = (
				4296F308299BE066000C226B /* ContentView.swift in Sources */,
				42C8A7C629A8C9D900FD4984 /* RadioButton.swift in Sources */,
				4296F306299BE066000C226B /* quizAppApp.swift in Sources */,
				4296F31A299BE258000C226B /* QuizQuestion.swift in Sources */,
				4296F320299CEA2A000C226B /* QuizChoices.swift in Sources */,
				4296F317299BE1DB000C226B /* ModelData.swift in Sources */,
				4296F31C299BE763000C226B /* GameView.swift in Sources */,
				422C933829B670D400CA7A94 /* VictoryView.swift in Sources */,
			);
			runOnlyForDeploymentPostprocessing = 0;
		};
/* End PBXSourcesBuildPhase section */

/* Begin XCBuildConfiguration section */
		4296F30E299BE067000C226B /* Debug */ = {
			isa = XCBuildConfiguration;
			buildSettings = {
				ALWAYS_SEARCH_USER_PATHS = NO;
				CLANG_ANALYZER_NONNULL = YES;
				CLANG_ANALYZER_NUMBER_OBJECT_CONVERSION = YES_AGGRESSIVE;
				CLANG_CXX_LANGUAGE_STANDARD = "gnu++17";
				CLANG_ENABLE_MODULES = YES;
				CLANG_ENABLE_OBJC_ARC = YES;
				CLANG_ENABLE_OBJC_WEAK = YES;
				CLANG_WARN_BLOCK_CAPTURE_AUTORELEASING = YES;
				CLANG_WARN_BOOL_CONVERSION = YES;
				CLANG_WARN_COMMA = YES;
				CLANG_WARN_CONSTANT_CONVERSION = YES;
				CLANG_WARN_DEPRECATED_OBJC_IMPLEMENTATIONS = YES;
				CLANG_WARN_DIRECT_OBJC_ISA_USAGE = YES_ERROR;
				CLANG_WARN_DOCUMENTATION_COMMENTS = YES;
				CLANG_WARN_EMPTY_BODY = YES;
				CLANG_WARN_ENUM_CONVERSION = YES;
				CLANG_WARN_INFINITE_RECURSION = YES;
				CLANG_WARN_INT_CONVERSION = YES;
				CLANG_WARN_NON_LITERAL_NULL_CONVERSION = YES;
				CLANG_WARN_OBJC_IMPLICIT_RETAIN_SELF = YES;
				CLANG_WARN_OBJC_LITERAL_CONVERSION = YES;
				CLANG_WARN_OBJC_ROOT_CLASS = YES_ERROR;
				CLANG_WARN_QUOTED_INCLUDE_IN_FRAMEWORK_HEADER = YES;
				CLANG_WARN_RANGE_LOOP_ANALYSIS = YES;
				CLANG_WARN_STRICT_PROTOTYPES = YES;
				CLANG_WARN_SUSPICIOUS_MOVE = YES;
				CLANG_WARN_UNGUARDED_AVAILABILITY = YES_AGGRESSIVE;
				CLANG_WARN_UNREACHABLE_CODE = YES;
				CLANG_WARN__DUPLICATE_METHOD_MATCH = YES;
				COPY_PHASE_STRIP = NO;
				DEBUG_INFORMATION_FORMAT = dwarf;
				ENABLE_STRICT_OBJC_MSGSEND = YES;
				ENABLE_TESTABILITY = YES;
				GCC_C_LANGUAGE_STANDARD = gnu11;
				GCC_DYNAMIC_NO_PIC = NO;
				GCC_NO_COMMON_BLOCKS = YES;
				GCC_OPTIMIZATION_LEVEL = 0;
				GCC_PREPROCESSOR_DEFINITIONS = (
					"DEBUG=1",
					"$(inherited)",
				);
				GCC_WARN_64_TO_32_BIT_CONVERSION = YES;
				GCC_WARN_ABOUT_RETURN_TYPE = YES_ERROR;
				GCC_WARN_UNDECLARED_SELECTOR = YES;
				GCC_WARN_UNINITIALIZED_AUTOS = YES_AGGRESSIVE;
				GCC_WARN_UNUSED_FUNCTION = YES;
				GCC_WARN_UNUSED_VARIABLE = YES;
				IPHONEOS_DEPLOYMENT_TARGET = 15.4;
				MTL_ENABLE_DEBUG_INFO = INCLUDE_SOURCE;
				MTL_FAST_MATH = YES;
				ONLY_ACTIVE_ARCH = YES;
				SDKROOT = iphoneos;
				SWIFT_ACTIVE_COMPILATION_CONDITIONS = DEBUG;
				SWIFT_OPTIMIZATION_LEVEL = "-Onone";
			};
			name = Debug;
		};
		4296F30F299BE067000C226B /* Release */ = {
			isa = XCBuildConfiguration;
			buildSettings = {
				ALWAYS_SEARCH_USER_PATHS = NO;
				CLANG_ANALYZER_NONNULL = YES;
				CLANG_ANALYZER_NUMBER_OBJECT_CONVERSION = YES_AGGRESSIVE;
				CLANG_CXX_LANGUAGE_STANDARD = "gnu++17";
				CLANG_ENABLE_MODULES = YES;
				CLANG_ENABLE_OBJC_ARC = YES;
				CLANG_ENABLE_OBJC_WEAK = YES;
				CLANG_WARN_BLOCK_CAPTURE_AUTORELEASING = YES;
				CLANG_WARN_BOOL_CONVERSION = YES;
				CLANG_WARN_COMMA = YES;
				CLANG_WARN_CONSTANT_CONVERSION = YES;
				CLANG_WARN_DEPRECATED_OBJC_IMPLEMENTATIONS = YES;
				CLANG_WARN_DIRECT_OBJC_ISA_USAGE = YES_ERROR;
				CLANG_WARN_DOCUMENTATION_COMMENTS = YES;
				CLANG_WARN_EMPTY_BODY = YES;
				CLANG_WARN_ENUM_CONVERSION = YES;
				CLANG_WARN_INFINITE_RECURSION = YES;
				CLANG_WARN_INT_CONVERSION = YES;
				CLANG_WARN_NON_LITERAL_NULL_CONVERSION = YES;
				CLANG_WARN_OBJC_IMPLICIT_RETAIN_SELF = YES;
				CLANG_WARN_OBJC_LITERAL_CONVERSION = YES;
				CLANG_WARN_OBJC_ROOT_CLASS = YES_ERROR;
				CLANG_WARN_QUOTED_INCLUDE_IN_FRAMEWORK_HEADER = YES;
				CLANG_WARN_RANGE_LOOP_ANALYSIS = YES;
				CLANG_WARN_STRICT_PROTOTYPES = YES;
				CLANG_WARN_SUSPICIOUS_MOVE = YES;
				CLANG_WARN_UNGUARDED_AVAILABILITY = YES_AGGRESSIVE;
				CLANG_WARN_UNREACHABLE_CODE = YES;
				CLANG_WARN__DUPLICATE_METHOD_MATCH = YES;
				COPY_PHASE_STRIP = NO;
				DEBUG_INFORMATION_FORMAT = "dwarf-with-dsym";
				ENABLE_NS_ASSERTIONS = NO;
				ENABLE_STRICT_OBJC_MSGSEND = YES;
				GCC_C_LANGUAGE_STANDARD = gnu11;
				GCC_NO_COMMON_BLOCKS = YES;
				GCC_WARN_64_TO_32_BIT_CONVERSION = YES;
				GCC_WARN_ABOUT_RETURN_TYPE = YES_ERROR;
				GCC_WARN_UNDECLARED_SELECTOR = YES;
				GCC_WARN_UNINITIALIZED_AUTOS = YES_AGGRESSIVE;
				GCC_WARN_UNUSED_FUNCTION = YES;
				GCC_WARN_UNUSED_VARIABLE = YES;
				IPHONEOS_DEPLOYMENT_TARGET = 15.4;
				MTL_ENABLE_DEBUG_INFO = NO;
				MTL_FAST_MATH = YES;
				SDKROOT = iphoneos;
				SWIFT_COMPILATION_MODE = wholemodule;
				SWIFT_OPTIMIZATION_LEVEL = "-O";
				VALIDATE_PRODUCT = YES;
			};
			name = Release;
		};
		4296F311299BE067000C226B /* Debug */ = {
			isa = XCBuildConfiguration;
			buildSettings = {
				ASSETCATALOG_COMPILER_APPICON_NAME = AppIcon;
				ASSETCATALOG_COMPILER_GLOBAL_ACCENT_COLOR_NAME = AccentColor;
				CODE_SIGN_STYLE = Automatic;
				CURRENT_PROJECT_VERSION = 1;
				DEVELOPMENT_ASSET_PATHS = "\"quizApp/Preview Content\"";
				ENABLE_PREVIEWS = YES;
				GENERATE_INFOPLIST_FILE = YES;
				INFOPLIST_KEY_UIApplicationSceneManifest_Generation = YES;
				INFOPLIST_KEY_UIApplicationSupportsIndirectInputEvents = YES;
				INFOPLIST_KEY_UILaunchScreen_Generation = YES;
				INFOPLIST_KEY_UISupportedInterfaceOrientations_iPad = "UIInterfaceOrientationPortrait UIInterfaceOrientationPortraitUpsideDown UIInterfaceOrientationLandscapeLeft UIInterfaceOrientationLandscapeRight";
				INFOPLIST_KEY_UISupportedInterfaceOrientations_iPhone = "UIInterfaceOrientationPortrait UIInterfaceOrientationLandscapeLeft UIInterfaceOrientationLandscapeRight";
				LD_RUNPATH_SEARCH_PATHS = (
					"$(inherited)",
					"@executable_path/Frameworks",
				);
				MARKETING_VERSION = 1.0;
				PRODUCT_BUNDLE_IDENTIFIER = com.aarni.quizApp;
				PRODUCT_NAME = "$(TARGET_NAME)";
				SWIFT_EMIT_LOC_STRINGS = YES;
				SWIFT_VERSION = 5.0;
				TARGETED_DEVICE_FAMILY = "1,2";
			};
			name = Debug;
		};
		4296F312299BE067000C226B /* Release */ = {
			isa = XCBuildConfiguration;
			buildSettings = {
				ASSETCATALOG_COMPILER_APPICON_NAME = AppIcon;
				ASSETCATALOG_COMPILER_GLOBAL_ACCENT_COLOR_NAME = AccentColor;
				CODE_SIGN_STYLE = Automatic;
				CURRENT_PROJECT_VERSION = 1;
				DEVELOPMENT_ASSET_PATHS = "\"quizApp/Preview Content\"";
				ENABLE_PREVIEWS = YES;
				GENERATE_INFOPLIST_FILE = YES;
				INFOPLIST_KEY_UIApplicationSceneManifest_Generation = YES;
				INFOPLIST_KEY_UIApplicationSupportsIndirectInputEvents = YES;
				INFOPLIST_KEY_UILaunchScreen_Generation = YES;
				INFOPLIST_KEY_UISupportedInterfaceOrientations_iPad = "UIInterfaceOrientationPortrait UIInterfaceOrientationPortraitUpsideDown UIInterfaceOrientationLandscapeLeft UIInterfaceOrientationLandscapeRight";
				INFOPLIST_KEY_UISupportedInterfaceOrientations_iPhone = "UIInterfaceOrientationPortrait UIInterfaceOrientationLandscapeLeft UIInterfaceOrientationLandscapeRight";
				LD_RUNPATH_SEARCH_PATHS = (
					"$(inherited)",
					"@executable_path/Frameworks",
				);
				MARKETING_VERSION = 1.0;
				PRODUCT_BUNDLE_IDENTIFIER = com.aarni.quizApp;
				PRODUCT_NAME = "$(TARGET_NAME)";
				SWIFT_EMIT_LOC_STRINGS = YES;
				SWIFT_VERSION = 5.0;
				TARGETED_DEVICE_FAMILY = "1,2";
			};
			name = Release;
		};
/* End XCBuildConfiguration section */

/* Begin XCConfigurationList section */
		4296F2FD299BE066000C226B /* Build configuration list for PBXProject "quizApp" */ = {
			isa = XCConfigurationList;
			buildConfigurations = (
				4296F30E299BE067000C226B /* Debug */,
				4296F30F299BE067000C226B /* Release */,
			);
			defaultConfigurationIsVisible = 0;
			defaultConfigurationName = Release;
		};
		4296F310299BE067000C226B /* Build configuration list for PBXNativeTarget "quizApp" */ = {
			isa = XCConfigurationList;
			buildConfigurations = (
				4296F311299BE067000C226B /* Debug */,
				4296F312299BE067000C226B /* Release */,
			);
			defaultConfigurationIsVisible = 0;
			defaultConfigurationName = Release;
		};
/* End XCConfigurationList section */
	};
	rootObject = 4296F2FA299BE066000C226B /* Project object */;
}
